
Microsoft Visual Studio Solution File, Format Version 12.00
# Visual Studio Version 17
VisualStudioVersion = 17.14.36429.23 d17.14
MinimumVisualStudioVersion = 10.0.40219.1
Project("{FAE04EC0-301F-11D3-BF4B-00C04F79EFBC}") = "To-Do List", "To-Do List\To-Do List.csproj", "{9616518E-EA17-4307-BED6-BCB3AD83D651}"
EndProject
Global
	GlobalSection(SolutionConfigurationPlatforms) = preSolution
		Debug|Any CPU = Debug|Any CPU
		Release|Any CPU = Release|Any CPU
	EndGlobalSection
	GlobalSection(ProjectConfigurationPlatforms) = postSolution
		{9616518E-EA17-4307-BED6-BCB3AD83D651}.Debug|Any CPU.ActiveCfg = Debug|Any CPU
		{9616518E-EA17-4307-BED6-BCB3AD83D651}.Debug|Any CPU.Build.0 = Debug|Any CPU
		{9616518E-EA17-4307-BED6-BCB3AD83D651}.Release|Any CPU.ActiveCfg = Release|Any CPU
		{9616518E-EA17-4307-BED6-BCB3AD83D651}.Release|Any CPU.Build.0 = Release|Any CPU
	EndGlobalSection
	GlobalSection(SolutionProperties) = preSolution
		HideSolutionNode = FALSE
	EndGlobalSection
	GlobalSection(ExtensibilityGlobals) = postSolution
		SolutionGuid = {19BE9619-0C3C-402D-952B-71034D5CB107}
	EndGlobalSection
EndGlobal
